{
  "pins" : [
    {
      "identity" : "strftimeformatter",
      "kind" : "remoteSourceControl",
      "location" : "https://github.com/littleigloo/STRFTimeFormatter.git",
      "state" : {
        "revision" : "ee236efbdfe0fff6fdb47e1d761664f6abb0fbbf",
        "version" : "1.0.0"
      }
    },
    {
      "identity" : "swift-html-entities",
      "kind" : "remoteSourceControl",
      "location" : "https://github.com/IBM-Swift/swift-html-entities.git",
      "state" : {
        "revision" : "d8ca73197f59ce260c71bd6d7f6eb8bbdccf508b",
        "version" : "4.0.1"
      }
    }
  ],
  "version" : 2
}
